
Microsoft Visual Studio Solution File, Format Version 12.00
# Visual Studio Version 16
VisualStudioVersion = 16.0.28803.156
MinimumVisualStudioVersion = 10.0.40219.1
Project("{FAE04EC0-301F-11D3-BF4B-00C04F79EFBC}") = "Clock", "Clock\Clock.csproj", "{ACE65472-C75F-4B70-80FF-500FDD87EE2D}"
EndProject
Global
	GlobalSection(SolutionConfigurationPlatforms) = preSolution
		Debug|Any CPU = Debug|Any CPU
		Release|Any CPU = Release|Any CPU
	EndGlobalSection
	GlobalSection(ProjectConfigurationPlatforms) = postSolution
		{ACE65472-C75F-4B70-80FF-500FDD87EE2D}.Debug|Any CPU.ActiveCfg = Debug|Any CPU
		{ACE65472-C75F-4B70-80FF-500FDD87EE2D}.Debug|Any CPU.Build.0 = Debug|Any CPU
		{ACE65472-C75F-4B70-80FF-500FDD87EE2D}.Release|Any CPU.ActiveCfg = Release|Any CPU
		{ACE65472-C75F-4B70-80FF-500FDD87EE2D}.Release|Any CPU.Build.0 = Release|Any CPU
	EndGlobalSection
	GlobalSection(SolutionProperties) = preSolution
		HideSolutionNode = FALSE
	EndGlobalSection
	GlobalSection(ExtensibilityGlobals) = postSolution
		SolutionGuid = {B2888FEE-AF1F-4F9A-B17A-9F6CE6AC1609}
	EndGlobalSection
EndGlobal
